return {
   dependencies = {
      ["alt-getopt"] = "0.8.0-1",
      ansicolors = "1.0.2-3",
      bcrypt = "2.1-6",
      cloud_storage = "1.1.0-1",
      date = "2.1.3-1",
      etlua = "1.3.0-1",
      inifile = "1.0-2",
      lapis = "1.8.2-2",
      ["lapis-console"] = "1.2.0-1",
      ["lapis-exceptions"] = "2.0.0-1",
      ["lapis-systemd"] = "1.0.0-1",
      loadkit = "1.1.0-1",
      lpeg = "1.0.2-1",
      lua = "5.1-1",
      ["lua-cjson"] = "2.1.0.6-1",
      luabitop = "1.0.2-3",
      luaexpat = "1.3.3-1",
      luafilesystem = "1.8.0-1",
      luaossl = "20200709-0",
      luasec = "0.9-1",
      luasocket = "3.0rc1-2",
      lzlib = "0.4.1.53-1",
      mailgun = "1.2.0-1",
      mimetypes = "1.0.0-2",
      moonrocks = "1.1.0-1",
      moonscript = "0.5.0-1",
      penlight = "1.9.2-1",
      pgmoon = "1.12.0-1",
      tableshape = "2.2.0-1",
      zipwriter = "0.1.5-1"
   },
}
